
Microsoft Visual Studio Solution File, Format Version 12.00
# Visual Studio 15
VisualStudioVersion = 15.0.27130.2024
MinimumVisualStudioVersion = 10.0.40219.1
Project("{FAE04EC0-301F-11D3-BF4B-00C04F79EFBC}") = "EXAM_RESTServiceCRUD", "EXAM_RESTServiceCRUD\EXAM_RESTServiceCRUD.csproj", "{F7B384A1-BEA3-4BC8-8862-535C0BF6B987}"
EndProject
Global
	GlobalSection(SolutionConfigurationPlatforms) = preSolution
		Debug|Any CPU = Debug|Any CPU
		Release|Any CPU = Release|Any CPU
	EndGlobalSection
	GlobalSection(ProjectConfigurationPlatforms) = postSolution
		{F7B384A1-BEA3-4BC8-8862-535C0BF6B987}.Debug|Any CPU.ActiveCfg = Debug|Any CPU
		{F7B384A1-BEA3-4BC8-8862-535C0BF6B987}.Debug|Any CPU.Build.0 = Debug|Any CPU
		{F7B384A1-BEA3-4BC8-8862-535C0BF6B987}.Release|Any CPU.ActiveCfg = Release|Any CPU
		{F7B384A1-BEA3-4BC8-8862-535C0BF6B987}.Release|Any CPU.Build.0 = Release|Any CPU
	EndGlobalSection
	GlobalSection(SolutionProperties) = preSolution
		HideSolutionNode = FALSE
	EndGlobalSection
	GlobalSection(ExtensibilityGlobals) = postSolution
		SolutionGuid = {ADACEDA3-620A-4F1C-8678-5F8E4BAC7EA2}
	EndGlobalSection
EndGlobal
